
Microsoft Visual Studio Solution File, Format Version 12.00
# Visual Studio Version 17
VisualStudioVersion = 17.1.32328.378
MinimumVisualStudioVersion = 10.0.40219.1
Project("{9A19103F-16F7-4668-BE54-9A1E7A4F7556}") = "RotatingCoils", "RotatingCoils\RotatingCoils.csproj", "{7B8B4F4E-28D4-46BE-9135-652A4FD0352A}"
EndProject
Project("{2150E333-8FDC-42A3-9474-1A3956D46DE8}") = "Apps", "Apps", "{369D7CDE-2D48-4AF7-A681-BA998298D3BF}"
EndProject
Project("{2150E333-8FDC-42A3-9474-1A3956D46DE8}") = "Pages", "Pages", "{97DFC7BB-04A4-49D1-AEF0-5CC793A6403B}"
EndProject
Project("{9A19103F-16F7-4668-BE54-9A1E7A4F7556}") = "Config", "Config\Config.csproj", "{B13194B3-E97E-408B-8417-7256BCE266EB}"
EndProject
Project("{9A19103F-16F7-4668-BE54-9A1E7A4F7556}") = "Data", "Data\Data.csproj", "{753DDBA3-514F-405C-B5B6-AA4332E13BAB}"
EndProject
Project("{9A19103F-16F7-4668-BE54-9A1E7A4F7556}") = "Meas", "Meas\Meas.csproj", "{E3704226-E930-460E-879D-BC1D440D0E52}"
EndProject
Project("{9A19103F-16F7-4668-BE54-9A1E7A4F7556}") = "ShaftConfig", "ShaftConfig\ShaftConfig.csproj", "{D6839D0C-953F-41C6-9410-56B3BCE16FE9}"
EndProject
Project("{9A19103F-16F7-4668-BE54-9A1E7A4F7556}") = "CrateConfig", "CrateConfig\CrateConfig.csproj", "{6E2AB918-FE90-4478-82F4-72F66EC63AD3}"
EndProject
Project("{9A19103F-16F7-4668-BE54-9A1E7A4F7556}") = "MotorConfig", "MotorConfig\MotorConfig.csproj", "{878AF0BF-437E-4EC7-AE38-E3F63BDAD39C}"
EndProject
Project("{9A19103F-16F7-4668-BE54-9A1E7A4F7556}") = "AngleDeviceConfig", "AngleDeviceConfig\AngleDeviceConfig.csproj", "{E9BB5D56-85A4-4C5F-A599-80AA1220FA0F}"
EndProject
Project("{2150E333-8FDC-42A3-9474-1A3956D46DE8}") = "Core", "Core", "{AF22B8ED-75E1-46D4-97FE-56A3795F615C}"
EndProject
Project("{FAE04EC0-301F-11D3-BF4B-00C04F79EFBC}") = "Core", "Core\Core.csproj", "{1B0903B1-B8E8-4E3C-8B20-D9604A5192CB}"
EndProject
Project("{2150E333-8FDC-42A3-9474-1A3956D46DE8}") = "Hardware", "Hardware", "{A15483B6-0941-46BD-9066-AB0764AAE020}"
EndProject
Project("{FAE04EC0-301F-11D3-BF4B-00C04F79EFBC}") = "Interfaces", "Interfaces\Interfaces.csproj", "{DC487E8A-3737-4FF7-AB69-F34DC33C81E8}"
EndProject
Project("{FAE04EC0-301F-11D3-BF4B-00C04F79EFBC}") = "AppConfiguration", "AppConfiguration\AppConfiguration.csproj", "{592BB212-9FD3-48F6-A0DD-298CF5158030}"
EndProject
Project("{FAE04EC0-301F-11D3-BF4B-00C04F79EFBC}") = "Devices", "Devices\Devices.csproj", "{7182547C-53B9-4683-BE36-A0B9A66C3BBB}"
EndProject
Project("{FAE04EC0-301F-11D3-BF4B-00C04F79EFBC}") = "Coils", "Coils\Coils.csproj", "{B3D8CE65-76F5-46BC-B1C1-E21A8BA5FE10}"
EndProject
Project("{FAE04EC0-301F-11D3-BF4B-00C04F79EFBC}") = "Shafts", "Shafts\Shafts.csproj", "{5AC59BEA-675C-40A0-8BE0-9D39A0064387}"
EndProject
Project("{FAE04EC0-301F-11D3-BF4B-00C04F79EFBC}") = "Crate", "Crate\Crate.csproj", "{656997C0-CBFD-47EA-8DF8-F5DE38BA8DF1}"
EndProject
Project("{FAE04EC0-301F-11D3-BF4B-00C04F79EFBC}") = "Connections", "Connections\Connections.csproj", "{A1549CA6-71BD-4891-82E6-E7FEBE1A6086}"
EndProject
Project("{FAE04EC0-301F-11D3-BF4B-00C04F79EFBC}") = "AngleDevice", "AngleDevice\AngleDevice.csproj", "{3474975B-9A28-435B-A874-E991FF33EC94}"
EndProject
Project("{FAE04EC0-301F-11D3-BF4B-00C04F79EFBC}") = "Events", "Events\Events.csproj", "{4CC40DF7-BEE7-47E6-8EAD-177900F29E76}"
EndProject
Project("{FAE04EC0-301F-11D3-BF4B-00C04F79EFBC}") = "Motors", "Motors\Motors.csproj", "{9C149AF6-0C43-4C81-9B86-DD6A48EB56B3}"
EndProject
Project("{FAE04EC0-301F-11D3-BF4B-00C04F79EFBC}") = "Test", "Test\Test.csproj", "{E8B4BFAA-5F22-4894-BDFB-C8654DD311D1}"
EndProject
Project("{2150E333-8FDC-42A3-9474-1A3956D46DE8}") = "Modules", "Modules", "{18FF09D2-36CB-4630-AB15-F64B56AF9163}"
EndProject
Project("{FAE04EC0-301F-11D3-BF4B-00C04F79EFBC}") = "Measurements", "Measurements\Measurements.csproj", "{531F12E0-3792-4BF2-9D0D-D1F7C37C13E2}"
EndProject
Project("{9A19103F-16F7-4668-BE54-9A1E7A4F7556}") = "BackendServices", "BackendServices\BackendServices.csproj", "{D38B4301-B4A0-47D9-B7F3-6DB4F0BDD18E}"
EndProject
Project("{FAE04EC0-301F-11D3-BF4B-00C04F79EFBC}") = "Exceptions", "Exeptions\Exceptions.csproj", "{E4ADFE1A-4153-475E-B6EE-87BFC24AA83C}"
EndProject
Project("{FAE04EC0-301F-11D3-BF4B-00C04F79EFBC}") = "Algorithms", "..\..\..\Desktop\MovingCoils\Devices\Algorithms\Algorithms.csproj", "{33D31B50-CDA2-47F8-BBB2-493FE4AAF45D}"
EndProject
Global
	GlobalSection(SolutionConfigurationPlatforms) = preSolution
		Debug|Any CPU = Debug|Any CPU
		Release|Any CPU = Release|Any CPU
	EndGlobalSection
	GlobalSection(ProjectConfigurationPlatforms) = postSolution
		{7B8B4F4E-28D4-46BE-9135-652A4FD0352A}.Debug|Any CPU.ActiveCfg = Debug|Any CPU
		{7B8B4F4E-28D4-46BE-9135-652A4FD0352A}.Debug|Any CPU.Build.0 = Debug|Any CPU
		{7B8B4F4E-28D4-46BE-9135-652A4FD0352A}.Release|Any CPU.ActiveCfg = Release|Any CPU
		{7B8B4F4E-28D4-46BE-9135-652A4FD0352A}.Release|Any CPU.Build.0 = Release|Any CPU
		{B13194B3-E97E-408B-8417-7256BCE266EB}.Debug|Any CPU.ActiveCfg = Debug|Any CPU
		{B13194B3-E97E-408B-8417-7256BCE266EB}.Debug|Any CPU.Build.0 = Debug|Any CPU
		{B13194B3-E97E-408B-8417-7256BCE266EB}.Release|Any CPU.ActiveCfg = Release|Any CPU
		{B13194B3-E97E-408B-8417-7256BCE266EB}.Release|Any CPU.Build.0 = Release|Any CPU
		{753DDBA3-514F-405C-B5B6-AA4332E13BAB}.Debug|Any CPU.ActiveCfg = Debug|Any CPU
		{753DDBA3-514F-405C-B5B6-AA4332E13BAB}.Debug|Any CPU.Build.0 = Debug|Any CPU
		{753DDBA3-514F-405C-B5B6-AA4332E13BAB}.Release|Any CPU.ActiveCfg = Release|Any CPU
		{753DDBA3-514F-405C-B5B6-AA4332E13BAB}.Release|Any CPU.Build.0 = Release|Any CPU
		{E3704226-E930-460E-879D-BC1D440D0E52}.Debug|Any CPU.ActiveCfg = Debug|Any CPU
		{E3704226-E930-460E-879D-BC1D440D0E52}.Debug|Any CPU.Build.0 = Debug|Any CPU
		{E3704226-E930-460E-879D-BC1D440D0E52}.Release|Any CPU.ActiveCfg = Release|Any CPU
		{E3704226-E930-460E-879D-BC1D440D0E52}.Release|Any CPU.Build.0 = Release|Any CPU
		{D6839D0C-953F-41C6-9410-56B3BCE16FE9}.Debug|Any CPU.ActiveCfg = Debug|Any CPU
		{D6839D0C-953F-41C6-9410-56B3BCE16FE9}.Debug|Any CPU.Build.0 = Debug|Any CPU
		{D6839D0C-953F-41C6-9410-56B3BCE16FE9}.Release|Any CPU.ActiveCfg = Release|Any CPU
		{D6839D0C-953F-41C6-9410-56B3BCE16FE9}.Release|Any CPU.Build.0 = Release|Any CPU
		{6E2AB918-FE90-4478-82F4-72F66EC63AD3}.Debug|Any CPU.ActiveCfg = Debug|Any CPU
		{6E2AB918-FE90-4478-82F4-72F66EC63AD3}.Debug|Any CPU.Build.0 = Debug|Any CPU
		{6E2AB918-FE90-4478-82F4-72F66EC63AD3}.Release|Any CPU.ActiveCfg = Release|Any CPU
		{6E2AB918-FE90-4478-82F4-72F66EC63AD3}.Release|Any CPU.Build.0 = Release|Any CPU
		{878AF0BF-437E-4EC7-AE38-E3F63BDAD39C}.Debug|Any CPU.ActiveCfg = Debug|Any CPU
		{878AF0BF-437E-4EC7-AE38-E3F63BDAD39C}.Debug|Any CPU.Build.0 = Debug|Any CPU
		{878AF0BF-437E-4EC7-AE38-E3F63BDAD39C}.Release|Any CPU.ActiveCfg = Release|Any CPU
		{878AF0BF-437E-4EC7-AE38-E3F63BDAD39C}.Release|Any CPU.Build.0 = Release|Any CPU
		{E9BB5D56-85A4-4C5F-A599-80AA1220FA0F}.Debug|Any CPU.ActiveCfg = Debug|Any CPU
		{E9BB5D56-85A4-4C5F-A599-80AA1220FA0F}.Debug|Any CPU.Build.0 = Debug|Any CPU
		{E9BB5D56-85A4-4C5F-A599-80AA1220FA0F}.Release|Any CPU.ActiveCfg = Release|Any CPU
		{E9BB5D56-85A4-4C5F-A599-80AA1220FA0F}.Release|Any CPU.Build.0 = Release|Any CPU
		{1B0903B1-B8E8-4E3C-8B20-D9604A5192CB}.Debug|Any CPU.ActiveCfg = Debug|Any CPU
		{1B0903B1-B8E8-4E3C-8B20-D9604A5192CB}.Debug|Any CPU.Build.0 = Debug|Any CPU
		{1B0903B1-B8E8-4E3C-8B20-D9604A5192CB}.Release|Any CPU.ActiveCfg = Release|Any CPU
		{1B0903B1-B8E8-4E3C-8B20-D9604A5192CB}.Release|Any CPU.Build.0 = Release|Any CPU
		{DC487E8A-3737-4FF7-AB69-F34DC33C81E8}.Debug|Any CPU.ActiveCfg = Debug|Any CPU
		{DC487E8A-3737-4FF7-AB69-F34DC33C81E8}.Debug|Any CPU.Build.0 = Debug|Any CPU
		{DC487E8A-3737-4FF7-AB69-F34DC33C81E8}.Release|Any CPU.ActiveCfg = Release|Any CPU
		{DC487E8A-3737-4FF7-AB69-F34DC33C81E8}.Release|Any CPU.Build.0 = Release|Any CPU
		{592BB212-9FD3-48F6-A0DD-298CF5158030}.Debug|Any CPU.ActiveCfg = Debug|Any CPU
		{592BB212-9FD3-48F6-A0DD-298CF5158030}.Debug|Any CPU.Build.0 = Debug|Any CPU
		{592BB212-9FD3-48F6-A0DD-298CF5158030}.Release|Any CPU.ActiveCfg = Release|Any CPU
		{592BB212-9FD3-48F6-A0DD-298CF5158030}.Release|Any CPU.Build.0 = Release|Any CPU
		{7182547C-53B9-4683-BE36-A0B9A66C3BBB}.Debug|Any CPU.ActiveCfg = Debug|Any CPU
		{7182547C-53B9-4683-BE36-A0B9A66C3BBB}.Debug|Any CPU.Build.0 = Debug|Any CPU
		{7182547C-53B9-4683-BE36-A0B9A66C3BBB}.Release|Any CPU.ActiveCfg = Release|Any CPU
		{7182547C-53B9-4683-BE36-A0B9A66C3BBB}.Release|Any CPU.Build.0 = Release|Any CPU
		{B3D8CE65-76F5-46BC-B1C1-E21A8BA5FE10}.Debug|Any CPU.ActiveCfg = Debug|Any CPU
		{B3D8CE65-76F5-46BC-B1C1-E21A8BA5FE10}.Debug|Any CPU.Build.0 = Debug|Any CPU
		{B3D8CE65-76F5-46BC-B1C1-E21A8BA5FE10}.Release|Any CPU.ActiveCfg = Release|Any CPU
		{B3D8CE65-76F5-46BC-B1C1-E21A8BA5FE10}.Release|Any CPU.Build.0 = Release|Any CPU
		{5AC59BEA-675C-40A0-8BE0-9D39A0064387}.Debug|Any CPU.ActiveCfg = Debug|Any CPU
		{5AC59BEA-675C-40A0-8BE0-9D39A0064387}.Debug|Any CPU.Build.0 = Debug|Any CPU
		{5AC59BEA-675C-40A0-8BE0-9D39A0064387}.Release|Any CPU.ActiveCfg = Release|Any CPU
		{5AC59BEA-675C-40A0-8BE0-9D39A0064387}.Release|Any CPU.Build.0 = Release|Any CPU
		{656997C0-CBFD-47EA-8DF8-F5DE38BA8DF1}.Debug|Any CPU.ActiveCfg = Debug|Any CPU
		{656997C0-CBFD-47EA-8DF8-F5DE38BA8DF1}.Debug|Any CPU.Build.0 = Debug|Any CPU
		{656997C0-CBFD-47EA-8DF8-F5DE38BA8DF1}.Release|Any CPU.ActiveCfg = Release|Any CPU
		{656997C0-CBFD-47EA-8DF8-F5DE38BA8DF1}.Release|Any CPU.Build.0 = Release|Any CPU
		{A1549CA6-71BD-4891-82E6-E7FEBE1A6086}.Debug|Any CPU.ActiveCfg = Debug|Any CPU
		{A1549CA6-71BD-4891-82E6-E7FEBE1A6086}.Debug|Any CPU.Build.0 = Debug|Any CPU
		{A1549CA6-71BD-4891-82E6-E7FEBE1A6086}.Release|Any CPU.ActiveCfg = Release|Any CPU
		{A1549CA6-71BD-4891-82E6-E7FEBE1A6086}.Release|Any CPU.Build.0 = Release|Any CPU
		{3474975B-9A28-435B-A874-E991FF33EC94}.Debug|Any CPU.ActiveCfg = Debug|Any CPU
		{3474975B-9A28-435B-A874-E991FF33EC94}.Debug|Any CPU.Build.0 = Debug|Any CPU
		{3474975B-9A28-435B-A874-E991FF33EC94}.Release|Any CPU.ActiveCfg = Release|Any CPU
		{3474975B-9A28-435B-A874-E991FF33EC94}.Release|Any CPU.Build.0 = Release|Any CPU
		{4CC40DF7-BEE7-47E6-8EAD-177900F29E76}.Debug|Any CPU.ActiveCfg = Debug|Any CPU
		{4CC40DF7-BEE7-47E6-8EAD-177900F29E76}.Debug|Any CPU.Build.0 = Debug|Any CPU
		{4CC40DF7-BEE7-47E6-8EAD-177900F29E76}.Release|Any CPU.ActiveCfg = Release|Any CPU
		{4CC40DF7-BEE7-47E6-8EAD-177900F29E76}.Release|Any CPU.Build.0 = Release|Any CPU
		{9C149AF6-0C43-4C81-9B86-DD6A48EB56B3}.Debug|Any CPU.ActiveCfg = Debug|Any CPU
		{9C149AF6-0C43-4C81-9B86-DD6A48EB56B3}.Debug|Any CPU.Build.0 = Debug|Any CPU
		{9C149AF6-0C43-4C81-9B86-DD6A48EB56B3}.Release|Any CPU.ActiveCfg = Release|Any CPU
		{9C149AF6-0C43-4C81-9B86-DD6A48EB56B3}.Release|Any CPU.Build.0 = Release|Any CPU
		{E8B4BFAA-5F22-4894-BDFB-C8654DD311D1}.Debug|Any CPU.ActiveCfg = Debug|Any CPU
		{E8B4BFAA-5F22-4894-BDFB-C8654DD311D1}.Debug|Any CPU.Build.0 = Debug|Any CPU
		{E8B4BFAA-5F22-4894-BDFB-C8654DD311D1}.Release|Any CPU.ActiveCfg = Release|Any CPU
		{E8B4BFAA-5F22-4894-BDFB-C8654DD311D1}.Release|Any CPU.Build.0 = Release|Any CPU
		{531F12E0-3792-4BF2-9D0D-D1F7C37C13E2}.Debug|Any CPU.ActiveCfg = Debug|Any CPU
		{531F12E0-3792-4BF2-9D0D-D1F7C37C13E2}.Debug|Any CPU.Build.0 = Debug|Any CPU
		{531F12E0-3792-4BF2-9D0D-D1F7C37C13E2}.Release|Any CPU.ActiveCfg = Release|Any CPU
		{531F12E0-3792-4BF2-9D0D-D1F7C37C13E2}.Release|Any CPU.Build.0 = Release|Any CPU
		{D38B4301-B4A0-47D9-B7F3-6DB4F0BDD18E}.Debug|Any CPU.ActiveCfg = Debug|Any CPU
		{D38B4301-B4A0-47D9-B7F3-6DB4F0BDD18E}.Debug|Any CPU.Build.0 = Debug|Any CPU
		{D38B4301-B4A0-47D9-B7F3-6DB4F0BDD18E}.Release|Any CPU.ActiveCfg = Release|Any CPU
		{D38B4301-B4A0-47D9-B7F3-6DB4F0BDD18E}.Release|Any CPU.Build.0 = Release|Any CPU
		{E4ADFE1A-4153-475E-B6EE-87BFC24AA83C}.Debug|Any CPU.ActiveCfg = Debug|Any CPU
		{E4ADFE1A-4153-475E-B6EE-87BFC24AA83C}.Debug|Any CPU.Build.0 = Debug|Any CPU
		{E4ADFE1A-4153-475E-B6EE-87BFC24AA83C}.Release|Any CPU.ActiveCfg = Release|Any CPU
		{E4ADFE1A-4153-475E-B6EE-87BFC24AA83C}.Release|Any CPU.Build.0 = Release|Any CPU
		{33D31B50-CDA2-47F8-BBB2-493FE4AAF45D}.Debug|Any CPU.ActiveCfg = Debug|Any CPU
		{33D31B50-CDA2-47F8-BBB2-493FE4AAF45D}.Debug|Any CPU.Build.0 = Debug|Any CPU
		{33D31B50-CDA2-47F8-BBB2-493FE4AAF45D}.Release|Any CPU.ActiveCfg = Release|Any CPU
		{33D31B50-CDA2-47F8-BBB2-493FE4AAF45D}.Release|Any CPU.Build.0 = Release|Any CPU
	EndGlobalSection
	GlobalSection(SolutionProperties) = preSolution
		HideSolutionNode = FALSE
	EndGlobalSection
	GlobalSection(NestedProjects) = preSolution
		{7B8B4F4E-28D4-46BE-9135-652A4FD0352A} = {369D7CDE-2D48-4AF7-A681-BA998298D3BF}
		{B13194B3-E97E-408B-8417-7256BCE266EB} = {97DFC7BB-04A4-49D1-AEF0-5CC793A6403B}
		{753DDBA3-514F-405C-B5B6-AA4332E13BAB} = {97DFC7BB-04A4-49D1-AEF0-5CC793A6403B}
		{E3704226-E930-460E-879D-BC1D440D0E52} = {97DFC7BB-04A4-49D1-AEF0-5CC793A6403B}
		{D6839D0C-953F-41C6-9410-56B3BCE16FE9} = {97DFC7BB-04A4-49D1-AEF0-5CC793A6403B}
		{6E2AB918-FE90-4478-82F4-72F66EC63AD3} = {97DFC7BB-04A4-49D1-AEF0-5CC793A6403B}
		{878AF0BF-437E-4EC7-AE38-E3F63BDAD39C} = {97DFC7BB-04A4-49D1-AEF0-5CC793A6403B}
		{E9BB5D56-85A4-4C5F-A599-80AA1220FA0F} = {97DFC7BB-04A4-49D1-AEF0-5CC793A6403B}
		{1B0903B1-B8E8-4E3C-8B20-D9604A5192CB} = {AF22B8ED-75E1-46D4-97FE-56A3795F615C}
		{DC487E8A-3737-4FF7-AB69-F34DC33C81E8} = {A15483B6-0941-46BD-9066-AB0764AAE020}
		{592BB212-9FD3-48F6-A0DD-298CF5158030} = {AF22B8ED-75E1-46D4-97FE-56A3795F615C}
		{7182547C-53B9-4683-BE36-A0B9A66C3BBB} = {A15483B6-0941-46BD-9066-AB0764AAE020}
		{B3D8CE65-76F5-46BC-B1C1-E21A8BA5FE10} = {A15483B6-0941-46BD-9066-AB0764AAE020}
		{5AC59BEA-675C-40A0-8BE0-9D39A0064387} = {A15483B6-0941-46BD-9066-AB0764AAE020}
		{656997C0-CBFD-47EA-8DF8-F5DE38BA8DF1} = {A15483B6-0941-46BD-9066-AB0764AAE020}
		{A1549CA6-71BD-4891-82E6-E7FEBE1A6086} = {AF22B8ED-75E1-46D4-97FE-56A3795F615C}
		{3474975B-9A28-435B-A874-E991FF33EC94} = {A15483B6-0941-46BD-9066-AB0764AAE020}
		{4CC40DF7-BEE7-47E6-8EAD-177900F29E76} = {AF22B8ED-75E1-46D4-97FE-56A3795F615C}
		{9C149AF6-0C43-4C81-9B86-DD6A48EB56B3} = {A15483B6-0941-46BD-9066-AB0764AAE020}
		{E8B4BFAA-5F22-4894-BDFB-C8654DD311D1} = {369D7CDE-2D48-4AF7-A681-BA998298D3BF}
		{531F12E0-3792-4BF2-9D0D-D1F7C37C13E2} = {18FF09D2-36CB-4630-AB15-F64B56AF9163}
		{D38B4301-B4A0-47D9-B7F3-6DB4F0BDD18E} = {18FF09D2-36CB-4630-AB15-F64B56AF9163}
		{E4ADFE1A-4153-475E-B6EE-87BFC24AA83C} = {AF22B8ED-75E1-46D4-97FE-56A3795F615C}
		{33D31B50-CDA2-47F8-BBB2-493FE4AAF45D} = {369D7CDE-2D48-4AF7-A681-BA998298D3BF}
	EndGlobalSection
	GlobalSection(ExtensibilityGlobals) = postSolution
		SolutionGuid = {7A5DE5A3-288C-4266-A9CD-001E78805290}
	EndGlobalSection
EndGlobal
